
Microsoft Visual Studio Solution File, Format Version 12.00
# Visual Studio 2012
Project("{FAE04EC0-301F-11D3-BF4B-00C04F79EFBC}") = "SocketServer", "SocketServer\SocketServer.csproj", "{A4B040D2-D5BC-485A-88F8-15493BCE5872}"
EndProject
Project("{FAE04EC0-301F-11D3-BF4B-00C04F79EFBC}") = "TcpSocketServer", "TcpSocketServer\TcpSocketServer.csproj", "{37777C7C-4F76-46AA-B2DB-8C3677D22E74}"
EndProject
Project("{FAE04EC0-301F-11D3-BF4B-00C04F79EFBC}") = "Tests", "Tests\Tests.csproj", "{4959C521-6FEF-465F-BAEF-F71B99EE0477}"
EndProject
Project("{FAE04EC0-301F-11D3-BF4B-00C04F79EFBC}") = "UdpSocketServer", "UdpSocketServer\UdpSocketServer.csproj", "{3F2C57D0-C2EC-4576-8914-1BF65A398F3D}"
EndProject
Project("{FAE04EC0-301F-11D3-BF4B-00C04F79EFBC}") = "ClientApplication", "ClientApplication\ClientApplication.csproj", "{6EFAF2E0-EA89-490E-940C-6803A1CF8AD7}"
EndProject
Project("{FAE04EC0-301F-11D3-BF4B-00C04F79EFBC}") = "Pool", "Utils\Pool.csproj", "{384E5588-F3BA-4DEC-B7F5-7E78BB2739A4}"
EndProject
Project("{FAE04EC0-301F-11D3-BF4B-00C04F79EFBC}") = "ServerApplication", "ServerApplication\ServerApplication.csproj", "{AE53B4AA-FFE0-404F-A761-E59E7847DB5C}"
EndProject
Project("{FAE04EC0-301F-11D3-BF4B-00C04F79EFBC}") = "PoolApplication", "PoolApplication\PoolApplication.csproj", "{970E03ED-63EC-463E-ABD1-941D6635FC8D}"
EndProject
Global
	GlobalSection(SolutionConfigurationPlatforms) = preSolution
		Debug|Any CPU = Debug|Any CPU
		Release|Any CPU = Release|Any CPU
	EndGlobalSection
	GlobalSection(ProjectConfigurationPlatforms) = postSolution
		{A4B040D2-D5BC-485A-88F8-15493BCE5872}.Debug|Any CPU.ActiveCfg = Debug|Any CPU
		{A4B040D2-D5BC-485A-88F8-15493BCE5872}.Debug|Any CPU.Build.0 = Debug|Any CPU
		{A4B040D2-D5BC-485A-88F8-15493BCE5872}.Release|Any CPU.ActiveCfg = Release|Any CPU
		{A4B040D2-D5BC-485A-88F8-15493BCE5872}.Release|Any CPU.Build.0 = Release|Any CPU
		{37777C7C-4F76-46AA-B2DB-8C3677D22E74}.Debug|Any CPU.ActiveCfg = Debug|Any CPU
		{37777C7C-4F76-46AA-B2DB-8C3677D22E74}.Debug|Any CPU.Build.0 = Debug|Any CPU
		{37777C7C-4F76-46AA-B2DB-8C3677D22E74}.Release|Any CPU.ActiveCfg = Release|Any CPU
		{37777C7C-4F76-46AA-B2DB-8C3677D22E74}.Release|Any CPU.Build.0 = Release|Any CPU
		{4959C521-6FEF-465F-BAEF-F71B99EE0477}.Debug|Any CPU.ActiveCfg = Debug|Any CPU
		{4959C521-6FEF-465F-BAEF-F71B99EE0477}.Debug|Any CPU.Build.0 = Debug|Any CPU
		{4959C521-6FEF-465F-BAEF-F71B99EE0477}.Release|Any CPU.ActiveCfg = Release|Any CPU
		{4959C521-6FEF-465F-BAEF-F71B99EE0477}.Release|Any CPU.Build.0 = Release|Any CPU
		{3F2C57D0-C2EC-4576-8914-1BF65A398F3D}.Debug|Any CPU.ActiveCfg = Debug|Any CPU
		{3F2C57D0-C2EC-4576-8914-1BF65A398F3D}.Debug|Any CPU.Build.0 = Debug|Any CPU
		{3F2C57D0-C2EC-4576-8914-1BF65A398F3D}.Release|Any CPU.ActiveCfg = Release|Any CPU
		{3F2C57D0-C2EC-4576-8914-1BF65A398F3D}.Release|Any CPU.Build.0 = Release|Any CPU
		{6EFAF2E0-EA89-490E-940C-6803A1CF8AD7}.Debug|Any CPU.ActiveCfg = Debug|Any CPU
		{6EFAF2E0-EA89-490E-940C-6803A1CF8AD7}.Debug|Any CPU.Build.0 = Debug|Any CPU
		{6EFAF2E0-EA89-490E-940C-6803A1CF8AD7}.Release|Any CPU.ActiveCfg = Release|Any CPU
		{6EFAF2E0-EA89-490E-940C-6803A1CF8AD7}.Release|Any CPU.Build.0 = Release|Any CPU
		{384E5588-F3BA-4DEC-B7F5-7E78BB2739A4}.Debug|Any CPU.ActiveCfg = Debug|Any CPU
		{384E5588-F3BA-4DEC-B7F5-7E78BB2739A4}.Debug|Any CPU.Build.0 = Debug|Any CPU
		{384E5588-F3BA-4DEC-B7F5-7E78BB2739A4}.Release|Any CPU.ActiveCfg = Release|Any CPU
		{384E5588-F3BA-4DEC-B7F5-7E78BB2739A4}.Release|Any CPU.Build.0 = Release|Any CPU
		{AE53B4AA-FFE0-404F-A761-E59E7847DB5C}.Debug|Any CPU.ActiveCfg = Debug|Any CPU
		{AE53B4AA-FFE0-404F-A761-E59E7847DB5C}.Debug|Any CPU.Build.0 = Debug|Any CPU
		{AE53B4AA-FFE0-404F-A761-E59E7847DB5C}.Release|Any CPU.ActiveCfg = Release|Any CPU
		{AE53B4AA-FFE0-404F-A761-E59E7847DB5C}.Release|Any CPU.Build.0 = Release|Any CPU
		{970E03ED-63EC-463E-ABD1-941D6635FC8D}.Debug|Any CPU.ActiveCfg = Debug|Any CPU
		{970E03ED-63EC-463E-ABD1-941D6635FC8D}.Debug|Any CPU.Build.0 = Debug|Any CPU
		{970E03ED-63EC-463E-ABD1-941D6635FC8D}.Release|Any CPU.ActiveCfg = Release|Any CPU
		{970E03ED-63EC-463E-ABD1-941D6635FC8D}.Release|Any CPU.Build.0 = Release|Any CPU
	EndGlobalSection
	GlobalSection(SolutionProperties) = preSolution
		HideSolutionNode = FALSE
	EndGlobalSection
EndGlobal
